// !$*UTF8*$!
{
	archiveVersion = 1;
	classes = {
	};
	objectVersion = 48;
	objects = {

/* Begin PBXBuildFile section */
		BE327EBD2067033800503206 /* AppDelegate.swift in Sources */ = {isa = PBXBuildFile; fileRef = BE327EBC2067033800503206 /* AppDelegate.swift */; };
		BE327EBF2067033800503206 /* ViewController.swift in Sources */ = {isa = PBXBuildFile; fileRef = BE327EBE2067033800503206 /* ViewController.swift */; };
		BE327EC22067033800503206 /* Main.storyboard in Resources */ = {isa = PBXBuildFile; fileRef = BE327EC02067033800503206 /* Main.storyboard */; };
		BE327EC42067033800503206 /* Assets.xcassets in Resources */ = {isa = PBXBuildFile; fileRef = BE327EC32067033800503206 /* Assets.xcassets */; };
		BE327EC72067033800503206 /* LaunchScreen.storyboard in Resources */ = {isa = PBXBuildFile; fileRef = BE327EC52067033800503206 /* LaunchScreen.storyboard */; };
		BE327ED22067033800503206 /* BasicTests.swift in Sources */ = {isa = PBXBuildFile; fileRef = BE327ED12067033800503206 /* BasicTests.swift */; };
		BE327EDD2067033800503206 /* BasicUITests.swift in Sources */ = {isa = PBXBuildFile; fileRef = BE327EDC2067033800503206 /* BasicUITests.swift */; };
/* End PBXBuildFile section */

/* Begin PBXContainerItemProxy section */
		BE327ECE2067033800503206 /* PBXContainerItemProxy */ = {
			isa = PBXContainerItemProxy;
			containerPortal = BE327EB12067033800503206 /* Project object */;
			proxyType = 1;
			remoteGlobalIDString = BE327EB82067033800503206;
			remoteInfo = Basic;
		};
		BE327ED92067033800503206 /* PBXContainerItemProxy */ = {
			isa = PBXContainerItemProxy;
			containerPortal = BE327EB12067033800503206 /* Project object */;
			proxyType = 1;
			remoteGlobalIDString = BE327EB82067033800503206;
			remoteInfo = Basic;
		};
/* End PBXContainerItemProxy section */

/* Begin PBXFileReference section */
		BE327EB92067033800503206 /* Basic.app */ = {isa = PBXFileReference; explicitFileType = wrapper.application; includeInIndex = 0; path = Basic.app; sourceTree = BUILT_PRODUCTS_DIR; };
		BE327EBC2067033800503206 /* AppDelegate.swift */ = {isa = PBXFileReference; lastKnownFileType = sourcecode.swift; path = AppDelegate.swift; sourceTree = "<group>"; };
		BE327EBE2067033800503206 /* ViewController.swift */ = {isa = PBXFileReference; lastKnownFileType = sourcecode.swift; path = ViewController.swift; sourceTree = "<group>"; };
		BE327EC12067033800503206 /* Base */ = {isa = PBXFileReference; lastKnownFileType = file.storyboard; name = Base; path = Base.lproj/Main.storyboard; sourceTree = "<group>"; };
		BE327EC32067033800503206 /* Assets.xcassets */ = {isa = PBXFileReference; lastKnownFileType = folder.assetcatalog; path = Assets.xcassets; sourceTree = "<group>"; };
		BE327EC62067033800503206 /* Base */ = {isa = PBXFileReference; lastKnownFileType = file.storyboard; name = Base; path = Base.lproj/LaunchScreen.storyboard; sourceTree = "<group>"; };
		BE327EC82067033800503206 /* Info.plist */ = {isa = PBXFileReference; lastKnownFileType = text.plist.xml; path = Info.plist; sourceTree = "<group>"; };
		BE327ECD2067033800503206 /* BasicTests.xctest */ = {isa = PBXFileReference; explicitFileType = wrapper.cfbundle; includeInIndex = 0; path = BasicTests.xctest; sourceTree = BUILT_PRODUCTS_DIR; };
		BE327ED12067033800503206 /* BasicTests.swift */ = {isa = PBXFileReference; lastKnownFileType = sourcecode.swift; path = BasicTests.swift; sourceTree = "<group>"; };
		BE327ED32067033800503206 /* Info.plist */ = {isa = PBXFileReference; lastKnownFileType = text.plist.xml; path = Info.plist; sourceTree = "<group>"; };
		BE327ED82067033800503206 /* BasicUITests.xctest */ = {isa = PBXFileReference; explicitFileType = wrapper.cfbundle; includeInIndex = 0; path = BasicUITests.xctest; sourceTree = BUILT_PRODUCTS_DIR; };
		BE327EDC2067033800503206 /* BasicUITests.swift */ = {isa = PBXFileReference; lastKnownFileType = sourcecode.swift; path = BasicUITests.swift; sourceTree = "<group>"; };
		BE327EDE2067033800503206 /* Info.plist */ = {isa = PBXFileReference; lastKnownFileType = text.plist.xml; path = Info.plist; sourceTree = "<group>"; };
/* End PBXFileReference section */

/* Begin PBXFrameworksBuildPhase section */
		BE327EB62067033800503206 /* Frameworks */ = {
			isa = PBXFrameworksBuildPhase;
			buildActionMask = 2147483647;
			files = (
			);
			runOnlyForDeploymentPostprocessing = 0;
		};
		BE327ECA2067033800503206 /* Frameworks */ = {
			isa = PBXFrameworksBuildPhase;
			buildActionMask = 2147483647;
			files = (
			);
			runOnlyForDeploymentPostprocessing = 0;
		};
		BE327ED52067033800503206 /* Frameworks */ = {
			isa = PBXFrameworksBuildPhase;
			buildActionMask = 2147483647;
			files = (
			);
			runOnlyForDeploymentPostprocessing = 0;
		};
/* End PBXFrameworksBuildPhase section */

/* Begin PBXGroup section */
		BE327EB02067033800503206 = {
			isa = PBXGroup;
			children = (
				BE327EBB2067033800503206 /* Basic */,
				BE327ED02067033800503206 /* BasicTests */,
				BE327EDB2067033800503206 /* BasicUITests */,
				BE327EBA2067033800503206 /* Products */,
			);
			sourceTree = "<group>";
		};
		BE327EBA2067033800503206 /* Products */ = {
			isa = PBXGroup;
			children = (
				BE327EB92067033800503206 /* Basic.app */,
				BE327ECD2067033800503206 /* BasicTests.xctest */,
				BE327ED82067033800503206 /* BasicUITests.xctest */,
			);
			name = Products;
			sourceTree = "<group>";
		};
		BE327EBB2067033800503206 /* Basic */ = {
			isa = PBXGroup;
			children = (
				BE327EBC2067033800503206 /* AppDelegate.swift */,
				BE327EBE2067033800503206 /* ViewController.swift */,
				BE327EC02067033800503206 /* Main.storyboard */,
				BE327EC32067033800503206 /* Assets.xcassets */,
				BE327EC52067033800503206 /* LaunchScreen.storyboard */,
				BE327EC82067033800503206 /* Info.plist */,
			);
			path = Basic;
			sourceTree = "<group>";
		};
		BE327ED02067033800503206 /* BasicTests */ = {
			isa = PBXGroup;
			children = (
				BE327ED12067033800503206 /* BasicTests.swift */,
				BE327ED32067033800503206 /* Info.plist */,
			);
			path = BasicTests;
			sourceTree = "<group>";
		};
		BE327EDB2067033800503206 /* BasicUITests */ = {
			isa = PBXGroup;
			children = (
				BE327EDC2067033800503206 /* BasicUITests.swift */,
				BE327EDE2067033800503206 /* Info.plist */,
			);
			path = BasicUITests;
			sourceTree = "<group>";
		};
/* End PBXGroup section */

/* Begin PBXNativeTarget section */
		BE327EB82067033800503206 /* Basic */ = {
			isa = PBXNativeTarget;
			buildConfigurationList = BE327EE12067033800503206 /* Build configuration list for PBXNativeTarget "Basic" */;
			buildPhases = (
				BE327EB52067033800503206 /* Sources */,
				BE327EB62067033800503206 /* Frameworks */,
				BE327EB72067033800503206 /* Resources */,
			);
			buildRules = (
			);
			dependencies = (
			);
			name = Basic;
			productName = Basic;
			productReference = BE327EB92067033800503206 /* Basic.app */;
			productType = "com.apple.product-type.application";
		};
		BE327ECC2067033800503206 /* BasicTests */ = {
			isa = PBXNativeTarget;
			buildConfigurationList = BE327EE42067033800503206 /* Build configuration list for PBXNativeTarget "BasicTests" */;
			buildPhases = (
				BE327EC92067033800503206 /* Sources */,
				BE327ECA2067033800503206 /* Frameworks */,
				BE327ECB2067033800503206 /* Resources */,
			);
			buildRules = (
			);
			dependencies = (
				BE327ECF2067033800503206 /* PBXTargetDependency */,
			);
			name = BasicTests;
			productName = BasicTests;
			productReference = BE327ECD2067033800503206 /* BasicTests.xctest */;
			productType = "com.apple.product-type.bundle.unit-test";
		};
		BE327ED72067033800503206 /* BasicUITests */ = {
			isa = PBXNativeTarget;
			buildConfigurationList = BE327EE72067033800503206 /* Build configuration list for PBXNativeTarget "BasicUITests" */;
			buildPhases = (
				BE327ED42067033800503206 /* Sources */,
				BE327ED52067033800503206 /* Frameworks */,
				BE327ED62067033800503206 /* Resources */,
			);
			buildRules = (
			);
			dependencies = (
				BE327EDA2067033800503206 /* PBXTargetDependency */,
			);
			name = BasicUITests;
			productName = BasicUITests;
			productReference = BE327ED82067033800503206 /* BasicUITests.xctest */;
			productType = "com.apple.product-type.bundle.ui-testing";
		};
/* End PBXNativeTarget section */

/* Begin PBXProject section */
		BE327EB12067033800503206 /* Project object */ = {
			isa = PBXProject;
			attributes = {
				LastSwiftUpdateCheck = 0920;
				LastUpgradeCheck = 0920;
				ORGANIZATIONNAME = "Qingyang Su";
				TargetAttributes = {
					BE327EB82067033800503206 = {
						CreatedOnToolsVersion = 9.2;
						ProvisioningStyle = Automatic;
					};
					BE327ECC2067033800503206 = {
						CreatedOnToolsVersion = 9.2;
						ProvisioningStyle = Automatic;
						TestTargetID = BE327EB82067033800503206;
					};
					BE327ED72067033800503206 = {
						CreatedOnToolsVersion = 9.2;
						ProvisioningStyle = Automatic;
						TestTargetID = BE327EB82067033800503206;
					};
				};
			};
			buildConfigurationList = BE327EB42067033800503206 /* Build configuration list for PBXProject "Basic" */;
			compatibilityVersion = "Xcode 8.0";
			developmentRegion = en;
			hasScannedForEncodings = 0;
			knownRegions = (
				en,
				Base,
			);
			mainGroup = BE327EB02067033800503206;
			productRefGroup = BE327EBA2067033800503206 /* Products */;
			projectDirPath = "";
			projectRoot = "";
			targets = (
				BE327EB82067033800503206 /* Basic */,
				BE327ECC2067033800503206 /* BasicTests */,
				BE327ED72067033800503206 /* BasicUITests */,
			);
		};
/* End PBXProject section */

/* Begin PBXResourcesBuildPhase section */
		BE327EB72067033800503206 /* Resources */ = {
			isa = PBXResourcesBuildPhase;
			buildActionMask = 2147483647;
			files = (
				BE327EC72067033800503206 /* LaunchScreen.storyboard in Resources */,
				BE327EC42067033800503206 /* Assets.xcassets in Resources */,
				BE327EC22067033800503206 /* Main.storyboard in Resources */,
			);
			runOnlyForDeploymentPostprocessing = 0;
		};
		BE327ECB2067033800503206 /* Resources */ = {
			isa = PBXResourcesBuildPhase;
			buildActionMask = 2147483647;
			files = (
			);
			runOnlyForDeploymentPostprocessing = 0;
		};
		BE327ED62067033800503206 /* Resources */ = {
			isa = PBXResourcesBuildPhase;
			buildActionMask = 2147483647;
			files = (
			);
			runOnlyForDeploymentPostprocessing = 0;
		};
/* End PBXResourcesBuildPhase section */

/* Begin PBXSourcesBuildPhase section */
		BE327EB52067033800503206 /* Sources */ = {
			isa = PBXSourcesBuildPhase;
			buildActionMask = 2147483647;
			files = (
				BE327EBF2067033800503206 /* ViewController.swift in Sources */,
				BE327EBD2067033800503206 /* AppDelegate.swift in Sources */,
			);
			runOnlyForDeploymentPostprocessing = 0;
		};
		BE327EC92067033800503206 /* Sources */ = {
			isa = PBXSourcesBuildPhase;
			buildActionMask = 2147483647;
			files = (
				BE327ED22067033800503206 /* BasicTests.swift in Sources */,
			);
			runOnlyForDeploymentPostprocessing = 0;
		};
		BE327ED42067033800503206 /* Sources */ = {
			isa = PBXSourcesBuildPhase;
			buildActionMask = 2147483647;
			files = (
				BE327EDD2067033800503206 /* BasicUITests.swift in Sources */,
			);
			runOnlyForDeploymentPostprocessing = 0;
		};
/* End PBXSourcesBuildPhase section */

/* Begin PBXTargetDependency section */
		BE327ECF2067033800503206 /* PBXTargetDependency */ = {
			isa = PBXTargetDependency;
			target = BE327EB82067033800503206 /* Basic */;
			targetProxy = BE327ECE2067033800503206 /* PBXContainerItemProxy */;
		};
		BE327EDA2067033800503206 /* PBXTargetDependency */ = {
			isa = PBXTargetDependency;
			target = BE327EB82067033800503206 /* Basic */;
			targetProxy = BE327ED92067033800503206 /* PBXContainerItemProxy */;
		};
/* End PBXTargetDependency section */

/* Begin PBXVariantGroup section */
		BE327EC02067033800503206 /* Main.storyboard */ = {
			isa = PBXVariantGroup;
			children = (
				BE327EC12067033800503206 /* Base */,
			);
			name = Main.storyboard;
			sourceTree = "<group>";
		};
		BE327EC52067033800503206 /* LaunchScreen.storyboard */ = {
			isa = PBXVariantGroup;
			children = (
				BE327EC62067033800503206 /* Base */,
			);
			name = LaunchScreen.storyboard;
			sourceTree = "<group>";
		};
/* End PBXVariantGroup section */

/* Begin XCBuildConfiguration section */
		BE327EDF2067033800503206 /* Debug */ = {
			isa = XCBuildConfiguration;
			buildSettings = {
				ALWAYS_SEARCH_USER_PATHS = NO;
				CLANG_ANALYZER_NONNULL = YES;
				CLANG_ANALYZER_NUMBER_OBJECT_CONVERSION = YES_AGGRESSIVE;
				CLANG_CXX_LANGUAGE_STANDARD = "gnu++14";
				CLANG_CXX_LIBRARY = "libc++";
				CLANG_ENABLE_MODULES = YES;
				CLANG_ENABLE_OBJC_ARC = YES;
				CLANG_WARN_BLOCK_CAPTURE_AUTORELEASING = YES;
				CLANG_WARN_BOOL_CONVERSION = YES;
				CLANG_WARN_COMMA = YES;
				CLANG_WARN_CONSTANT_CONVERSION = YES;
				CLANG_WARN_DIRECT_OBJC_ISA_USAGE = YES_ERROR;
				CLANG_WARN_DOCUMENTATION_COMMENTS = YES;
				CLANG_WARN_EMPTY_BODY = YES;
				CLANG_WARN_ENUM_CONVERSION = YES;
				CLANG_WARN_INFINITE_RECURSION = YES;
				CLANG_WARN_INT_CONVERSION = YES;
				CLANG_WARN_NON_LITERAL_NULL_CONVERSION = YES;
				CLANG_WARN_OBJC_LITERAL_CONVERSION = YES;
				CLANG_WARN_OBJC_ROOT_CLASS = YES_ERROR;
				CLANG_WARN_RANGE_LOOP_ANALYSIS = YES;
				CLANG_WARN_STRICT_PROTOTYPES = YES;
				CLANG_WARN_SUSPICIOUS_MOVE = YES;
				CLANG_WARN_UNGUARDED_AVAILABILITY = YES_AGGRESSIVE;
				CLANG_WARN_UNREACHABLE_CODE = YES;
				CLANG_WARN__DUPLICATE_METHOD_MATCH = YES;
				CODE_SIGN_IDENTITY = "iPhone Developer";
				COPY_PHASE_STRIP = NO;
				DEBUG_INFORMATION_FORMAT = dwarf;
				ENABLE_STRICT_OBJC_MSGSEND = YES;
				ENABLE_TESTABILITY = YES;
				GCC_C_LANGUAGE_STANDARD = gnu11;
				GCC_DYNAMIC_NO_PIC = NO;
				GCC_NO_COMMON_BLOCKS = YES;
				GCC_OPTIMIZATION_LEVEL = 0;
				GCC_PREPROCESSOR_DEFINITIONS = (
					"DEBUG=1",
					"$(inherited)",
				);
				GCC_WARN_64_TO_32_BIT_CONVERSION = YES;
				GCC_WARN_ABOUT_RETURN_TYPE = YES_ERROR;
				GCC_WARN_UNDECLARED_SELECTOR = YES;
				GCC_WARN_UNINITIALIZED_AUTOS = YES_AGGRESSIVE;
				GCC_WARN_UNUSED_FUNCTION = YES;
				GCC_WARN_UNUSED_VARIABLE = YES;
				IPHONEOS_DEPLOYMENT_TARGET = 11.2;
				MTL_ENABLE_DEBUG_INFO = YES;
				ONLY_ACTIVE_ARCH = YES;
				SDKROOT = iphoneos;
				SWIFT_ACTIVE_COMPILATION_CONDITIONS = DEBUG;
				SWIFT_OPTIMIZATION_LEVEL = "-Onone";
			};
			name = Debug;
		};
		BE327EE02067033800503206 /* Release */ = {
			isa = XCBuildConfiguration;
			buildSettings = {
				ALWAYS_SEARCH_USER_PATHS = NO;
				CLANG_ANALYZER_NONNULL = YES;
				CLANG_ANALYZER_NUMBER_OBJECT_CONVERSION = YES_AGGRESSIVE;
				CLANG_CXX_LANGUAGE_STANDARD = "gnu++14";
				CLANG_CXX_LIBRARY = "libc++";
				CLANG_ENABLE_MODULES = YES;
				CLANG_ENABLE_OBJC_ARC = YES;
				CLANG_WARN_BLOCK_CAPTURE_AUTORELEASING = YES;
				CLANG_WARN_BOOL_CONVERSION = YES;
				CLANG_WARN_COMMA = YES;
				CLANG_WARN_CONSTANT_CONVERSION = YES;
				CLANG_WARN_DIRECT_OBJC_ISA_USAGE = YES_ERROR;
				CLANG_WARN_DOCUMENTATION_COMMENTS = YES;
				CLANG_WARN_EMPTY_BODY = YES;
				CLANG_WARN_ENUM_CONVERSION = YES;
				CLANG_WARN_INFINITE_RECURSION = YES;
				CLANG_WARN_INT_CONVERSION = YES;
				CLANG_WARN_NON_LITERAL_NULL_CONVERSION = YES;
				CLANG_WARN_OBJC_LITERAL_CONVERSION = YES;
				CLANG_WARN_OBJC_ROOT_CLASS = YES_ERROR;
				CLANG_WARN_RANGE_LOOP_ANALYSIS = YES;
				CLANG_WARN_STRICT_PROTOTYPES = YES;
				CLANG_WARN_SUSPICIOUS_MOVE = YES;
				CLANG_WARN_UNGUARDED_AVAILABILITY = YES_AGGRESSIVE;
				CLANG_WARN_UNREACHABLE_CODE = YES;
				CLANG_WARN__DUPLICATE_METHOD_MATCH = YES;
				CODE_SIGN_IDENTITY = "iPhone Developer";
				COPY_PHASE_STRIP = NO;
				DEBUG_INFORMATION_FORMAT = "dwarf-with-dsym";
				ENABLE_NS_ASSERTIONS = NO;
				ENABLE_STRICT_OBJC_MSGSEND = YES;
				GCC_C_LANGUAGE_STANDARD = gnu11;
				GCC_NO_COMMON_BLOCKS = YES;
				GCC_WARN_64_TO_32_BIT_CONVERSION = YES;
				GCC_WARN_ABOUT_RETURN_TYPE = YES_ERROR;
				GCC_WARN_UNDECLARED_SELECTOR = YES;
				GCC_WARN_UNINITIALIZED_AUTOS = YES_AGGRESSIVE;
				GCC_WARN_UNUSED_FUNCTION = YES;
				GCC_WARN_UNUSED_VARIABLE = YES;
				IPHONEOS_DEPLOYMENT_TARGET = 11.2;
				MTL_ENABLE_DEBUG_INFO = NO;
				SDKROOT = iphoneos;
				SWIFT_OPTIMIZATION_LEVEL = "-Owholemodule";
				VALIDATE_PRODUCT = YES;
			};
			name = Release;
		};
		BE327EE22067033800503206 /* Debug */ = {
			isa = XCBuildConfiguration;
			buildSettings = {
				ASSETCATALOG_COMPILER_APPICON_NAME = AppIcon;
				CODE_SIGN_STYLE = Automatic;
				INFOPLIST_FILE = Basic/Info.plist;
				LD_RUNPATH_SEARCH_PATHS = "$(inherited) @executable_path/Frameworks";
				PRODUCT_BUNDLE_IDENTIFIER = com.SeniorDesign.Basic;
				PRODUCT_NAME = "$(TARGET_NAME)";
				SWIFT_VERSION = 4.0;
				TARGETED_DEVICE_FAMILY = "1,2";
			};
			name = Debug;
		};
		BE327EE32067033800503206 /* Release */ = {
			isa = XCBuildConfiguration;
			buildSettings = {
				ASSETCATALOG_COMPILER_APPICON_NAME = AppIcon;
				CODE_SIGN_STYLE = Automatic;
				INFOPLIST_FILE = Basic/Info.plist;
				LD_RUNPATH_SEARCH_PATHS = "$(inherited) @executable_path/Frameworks";
				PRODUCT_BUNDLE_IDENTIFIER = com.SeniorDesign.Basic;
				PRODUCT_NAME = "$(TARGET_NAME)";
				SWIFT_VERSION = 4.0;
				TARGETED_DEVICE_FAMILY = "1,2";
			};
			name = Release;
		};
		BE327EE52067033800503206 /* Debug */ = {
			isa = XCBuildConfiguration;
			buildSettings = {
				ALWAYS_EMBED_SWIFT_STANDARD_LIBRARIES = YES;
				BUNDLE_LOADER = "$(TEST_HOST)";
				CODE_SIGN_STYLE = Automatic;
				INFOPLIST_FILE = BasicTests/Info.plist;
				LD_RUNPATH_SEARCH_PATHS = "$(inherited) @executable_path/Frameworks @loader_path/Frameworks";
				PRODUCT_BUNDLE_IDENTIFIER = com.SeniorDesign.BasicTests;
				PRODUCT_NAME = "$(TARGET_NAME)";
				SWIFT_VERSION = 4.0;
				TARGETED_DEVICE_FAMILY = "1,2";
				TEST_HOST = "$(BUILT_PRODUCTS_DIR)/Basic.app/Basic";
			};
			name = Debug;
		};
		BE327EE62067033800503206 /* Release */ = {
			isa = XCBuildConfiguration;
			buildSettings = {
				ALWAYS_EMBED_SWIFT_STANDARD_LIBRARIES = YES;
				BUNDLE_LOADER = "$(TEST_HOST)";
				CODE_SIGN_STYLE = Automatic;
				INFOPLIST_FILE = BasicTests/Info.plist;
				LD_RUNPATH_SEARCH_PATHS = "$(inherited) @executable_path/Frameworks @loader_path/Frameworks";
				PRODUCT_BUNDLE_IDENTIFIER = com.SeniorDesign.BasicTests;
				PRODUCT_NAME = "$(TARGET_NAME)";
				SWIFT_VERSION = 4.0;
				TARGETED_DEVICE_FAMILY = "1,2";
				TEST_HOST = "$(BUILT_PRODUCTS_DIR)/Basic.app/Basic";
			};
			name = Release;
		};
		BE327EE82067033800503206 /* Debug */ = {
			isa = XCBuildConfiguration;
			buildSettings = {
				ALWAYS_EMBED_SWIFT_STANDARD_LIBRARIES = YES;
				CODE_SIGN_STYLE = Automatic;
				INFOPLIST_FILE = BasicUITests/Info.plist;
				LD_RUNPATH_SEARCH_PATHS = "$(inherited) @executable_path/Frameworks @loader_path/Frameworks";
				PRODUCT_BUNDLE_IDENTIFIER = com.SeniorDesign.BasicUITests;
				PRODUCT_NAME = "$(TARGET_NAME)";
				SWIFT_VERSION = 4.0;
				TARGETED_DEVICE_FAMILY = "1,2";
				TEST_TARGET_NAME = Basic;
			};
			name = Debug;
		};
		BE327EE92067033800503206 /* Release */ = {
			isa = XCBuildConfiguration;
			buildSettings = {
				ALWAYS_EMBED_SWIFT_STANDARD_LIBRARIES = YES;
				CODE_SIGN_STYLE = Automatic;
				INFOPLIST_FILE = BasicUITests/Info.plist;
				LD_RUNPATH_SEARCH_PATHS = "$(inherited) @executable_path/Frameworks @loader_path/Frameworks";
				PRODUCT_BUNDLE_IDENTIFIER = com.SeniorDesign.BasicUITests;
				PRODUCT_NAME = "$(TARGET_NAME)";
				SWIFT_VERSION = 4.0;
				TARGETED_DEVICE_FAMILY = "1,2";
				TEST_TARGET_NAME = Basic;
			};
			name = Release;
		};
/* End XCBuildConfiguration section */

/* Begin XCConfigurationList section */
		BE327EB42067033800503206 /* Build configuration list for PBXProject "Basic" */ = {
			isa = XCConfigurationList;
			buildConfigurations = (
				BE327EDF2067033800503206 /* Debug */,
				BE327EE02067033800503206 /* Release */,
			);
			defaultConfigurationIsVisible = 0;
			defaultConfigurationName = Release;
		};
		BE327EE12067033800503206 /* Build configuration list for PBXNativeTarget "Basic" */ = {
			isa = XCConfigurationList;
			buildConfigurations = (
				BE327EE22067033800503206 /* Debug */,
				BE327EE32067033800503206 /* Release */,
			);
			defaultConfigurationIsVisible = 0;
			defaultConfigurationName = Release;
		};
		BE327EE42067033800503206 /* Build configuration list for PBXNativeTarget "BasicTests" */ = {
			isa = XCConfigurationList;
			buildConfigurations = (
				BE327EE52067033800503206 /* Debug */,
				BE327EE62067033800503206 /* Release */,
			);
			defaultConfigurationIsVisible = 0;
			defaultConfigurationName = Release;
		};
		BE327EE72067033800503206 /* Build configuration list for PBXNativeTarget "BasicUITests" */ = {
			isa = XCConfigurationList;
			buildConfigurations = (
				BE327EE82067033800503206 /* Debug */,
				BE327EE92067033800503206 /* Release */,
			);
			defaultConfigurationIsVisible = 0;
			defaultConfigurationName = Release;
		};
/* End XCConfigurationList section */
	};
	rootObject = BE327EB12067033800503206 /* Project object */;
}
